
Microsoft Visual Studio Solution File, Format Version 12.00
# Visual Studio Version 17
VisualStudioVersion = 17.10.34928.147
MinimumVisualStudioVersion = 10.0.40219.1
Project("{FAE04EC0-301F-11D3-BF4B-00C04F79EFBC}") = "onlineStore", "onlineStore.csproj", "{6B126EF6-7302-4363-B349-418AE7636F0A}"
EndProject
Global
	GlobalSection(SolutionConfigurationPlatforms) = preSolution
		Debug|Any CPU = Debug|Any CPU
		Release|Any CPU = Release|Any CPU
	EndGlobalSection
	GlobalSection(ProjectConfigurationPlatforms) = postSolution
		{6B126EF6-7302-4363-B349-418AE7636F0A}.Debug|Any CPU.ActiveCfg = Debug|Any CPU
		{6B126EF6-7302-4363-B349-418AE7636F0A}.Debug|Any CPU.Build.0 = Debug|Any CPU
		{6B126EF6-7302-4363-B349-418AE7636F0A}.Release|Any CPU.ActiveCfg = Release|Any CPU
		{6B126EF6-7302-4363-B349-418AE7636F0A}.Release|Any CPU.Build.0 = Release|Any CPU
	EndGlobalSection
	GlobalSection(SolutionProperties) = preSolution
		HideSolutionNode = FALSE
	EndGlobalSection
	GlobalSection(ExtensibilityGlobals) = postSolution
		SolutionGuid = {957CCEAD-C709-4227-B5C8-CBDCA599C472}
	EndGlobalSection
EndGlobal
